// !$*UTF8*$!
{
	archiveVersion = 1;
	classes = {
	};
	objectVersion = 50;
	objects = {

/* Begin PBXBuildFile section */
		B1B1016B20C92C000046350F /* Settings.bundle in Resources */ = {isa = PBXBuildFile; fileRef = B1B1016A20C92C000046350F /* Settings.bundle */; };
		B1E37FBD20C7B4B900F21DA9 /* AppDelegate.swift in Sources */ = {isa = PBXBuildFile; fileRef = B1E37FBC20C7B4B900F21DA9 /* AppDelegate.swift */; };
		B1E37FBF20C7B4B900F21DA9 /* ViewController.swift in Sources */ = {isa = PBXBuildFile; fileRef = B1E37FBE20C7B4B900F21DA9 /* ViewController.swift */; };
		B1E37FC220C7B4B900F21DA9 /* Main.storyboard in Resources */ = {isa = PBXBuildFile; fileRef = B1E37FC020C7B4B900F21DA9 /* Main.storyboard */; };
		B1E37FC420C7B4BA00F21DA9 /* Assets.xcassets in Resources */ = {isa = PBXBuildFile; fileRef = B1E37FC320C7B4BA00F21DA9 /* Assets.xcassets */; };
		B1E37FC720C7B4BA00F21DA9 /* LaunchScreen.storyboard in Resources */ = {isa = PBXBuildFile; fileRef = B1E37FC520C7B4BA00F21DA9 /* LaunchScreen.storyboard */; };
/* End PBXBuildFile section */

/* Begin PBXFileReference section */
		B1B1016A20C92C000046350F /* Settings.bundle */ = {isa = PBXFileReference; lastKnownFileType = "wrapper.plug-in"; path = Settings.bundle; sourceTree = "<group>"; };
		B1E37FB920C7B4B900F21DA9 /* Tax Calc.app */ = {isa = PBXFileReference; explicitFileType = wrapper.application; includeInIndex = 0; path = "Tax Calc.app"; sourceTree = BUILT_PRODUCTS_DIR; };
		B1E37FBC20C7B4B900F21DA9 /* AppDelegate.swift */ = {isa = PBXFileReference; lastKnownFileType = sourcecode.swift; path = AppDelegate.swift; sourceTree = "<group>"; };
		B1E37FBE20C7B4B900F21DA9 /* ViewController.swift */ = {isa = PBXFileReference; lastKnownFileType = sourcecode.swift; path = ViewController.swift; sourceTree = "<group>"; };
		B1E37FC120C7B4B900F21DA9 /* Base */ = {isa = PBXFileReference; lastKnownFileType = file.storyboard; name = Base; path = Base.lproj/Main.storyboard; sourceTree = "<group>"; };
		B1E37FC320C7B4BA00F21DA9 /* Assets.xcassets */ = {isa = PBXFileReference; lastKnownFileType = folder.assetcatalog; path = Assets.xcassets; sourceTree = "<group>"; };
		B1E37FC620C7B4BA00F21DA9 /* Base */ = {isa = PBXFileReference; lastKnownFileType = file.storyboard; name = Base; path = Base.lproj/LaunchScreen.storyboard; sourceTree = "<group>"; };
		B1E37FC820C7B4BA00F21DA9 /* Info.plist */ = {isa = PBXFileReference; lastKnownFileType = text.plist.xml; path = Info.plist; sourceTree = "<group>"; };
/* End PBXFileReference section */

/* Begin PBXFrameworksBuildPhase section */
		B1E37FB620C7B4B900F21DA9 /* Frameworks */ = {
			isa = PBXFrameworksBuildPhase;
			buildActionMask = 2147483647;
			files = (
			);
			runOnlyForDeploymentPostprocessing = 0;
		};
/* End PBXFrameworksBuildPhase section */

/* Begin PBXGroup section */
		B1E37FB020C7B4B900F21DA9 = {
			isa = PBXGroup;
			children = (
				B1E37FBB20C7B4B900F21DA9 /* Tax Calc */,
				B1E37FBA20C7B4B900F21DA9 /* Products */,
			);
			sourceTree = "<group>";
		};
		B1E37FBA20C7B4B900F21DA9 /* Products */ = {
			isa = PBXGroup;
			children = (
				B1E37FB920C7B4B900F21DA9 /* Tax Calc.app */,
			);
			name = Products;
			sourceTree = "<group>";
		};
		B1E37FBB20C7B4B900F21DA9 /* Tax Calc */ = {
			isa = PBXGroup;
			children = (
				B1E37FBC20C7B4B900F21DA9 /* AppDelegate.swift */,
				B1E37FBE20C7B4B900F21DA9 /* ViewController.swift */,
				B1E37FC020C7B4B900F21DA9 /* Main.storyboard */,
				B1B1016A20C92C000046350F /* Settings.bundle */,
				B1E37FC320C7B4BA00F21DA9 /* Assets.xcassets */,
				B1E37FC520C7B4BA00F21DA9 /* LaunchScreen.storyboard */,
				B1E37FC820C7B4BA00F21DA9 /* Info.plist */,
			);
			path = "Tax Calc";
			sourceTree = "<group>";
		};
/* End PBXGroup section */

/* Begin PBXNativeTarget section */
		B1E37FB820C7B4B900F21DA9 /* Tax Calc */ = {
			isa = PBXNativeTarget;
			buildConfigurationList = B1E37FCB20C7B4BA00F21DA9 /* Build configuration list for PBXNativeTarget "Tax Calc" */;
			buildPhases = (
				B1E37FB520C7B4B900F21DA9 /* Sources */,
				B1E37FB620C7B4B900F21DA9 /* Frameworks */,
				B1E37FB720C7B4B900F21DA9 /* Resources */,
			);
			buildRules = (
			);
			dependencies = (
			);
			name = "Tax Calc";
			productName = "Tax Calc";
			productReference = B1E37FB920C7B4B900F21DA9 /* Tax Calc.app */;
			productType = "com.apple.product-type.application";
		};
/* End PBXNativeTarget section */

/* Begin PBXProject section */
		B1E37FB120C7B4B900F21DA9 /* Project object */ = {
			isa = PBXProject;
			attributes = {
				LastSwiftUpdateCheck = 0940;
				LastUpgradeCheck = 0940;
				ORGANIZATIONNAME = "Xavier Loera Flores";
				TargetAttributes = {
					B1E37FB820C7B4B900F21DA9 = {
						CreatedOnToolsVersion = 9.4;
						LastSwiftMigration = 1130;
					};
				};
			};
			buildConfigurationList = B1E37FB420C7B4B900F21DA9 /* Build configuration list for PBXProject "Tax Calc" */;
			compatibilityVersion = "Xcode 9.3";
			developmentRegion = en;
			hasScannedForEncodings = 0;
			knownRegions = (
				en,
				Base,
			);
			mainGroup = B1E37FB020C7B4B900F21DA9;
			productRefGroup = B1E37FBA20C7B4B900F21DA9 /* Products */;
			projectDirPath = "";
			projectRoot = "";
			targets = (
				B1E37FB820C7B4B900F21DA9 /* Tax Calc */,
			);
		};
/* End PBXProject section */

/* Begin PBXResourcesBuildPhase section */
		B1E37FB720C7B4B900F21DA9 /* Resources */ = {
			isa = PBXResourcesBuildPhase;
			buildActionMask = 2147483647;
			files = (
				B1B1016B20C92C000046350F /* Settings.bundle in Resources */,
				B1E37FC720C7B4BA00F21DA9 /* LaunchScreen.storyboard in Resources */,
				B1E37FC420C7B4BA00F21DA9 /* Assets.xcassets in Resources */,
				B1E37FC220C7B4B900F21DA9 /* Main.storyboard in Resources */,
			);
			runOnlyForDeploymentPostprocessing = 0;
		};
/* End PBXResourcesBuildPhase section */

/* Begin PBXSourcesBuildPhase section */
		B1E37FB520C7B4B900F21DA9 /* Sources */ = {
			isa = PBXSourcesBuildPhase;
			buildActionMask = 2147483647;
			files = (
				B1E37FBF20C7B4B900F21DA9 /* ViewController.swift in Sources */,
				B1E37FBD20C7B4B900F21DA9 /* AppDelegate.swift in Sources */,
			);
			runOnlyForDeploymentPostprocessing = 0;
		};
/* End PBXSourcesBuildPhase section */

/* Begin PBXVariantGroup section */
		B1E37FC020C7B4B900F21DA9 /* Main.storyboard */ = {
			isa = PBXVariantGroup;
			children = (
				B1E37FC120C7B4B900F21DA9 /* Base */,
			);
			name = Main.storyboard;
			sourceTree = "<group>";
		};
		B1E37FC520C7B4BA00F21DA9 /* LaunchScreen.storyboard */ = {
			isa = PBXVariantGroup;
			children = (
				B1E37FC620C7B4BA00F21DA9 /* Base */,
			);
			name = LaunchScreen.storyboard;
			sourceTree = "<group>";
		};
/* End PBXVariantGroup section */

/* Begin XCBuildConfiguration section */
		B1E37FC920C7B4BA00F21DA9 /* Debug */ = {
			isa = XCBuildConfiguration;
			buildSettings = {
				ALWAYS_SEARCH_USER_PATHS = NO;
				CLANG_ANALYZER_NONNULL = YES;
				CLANG_ANALYZER_NUMBER_OBJECT_CONVERSION = YES_AGGRESSIVE;
				CLANG_CXX_LANGUAGE_STANDARD = "gnu++14";
				CLANG_CXX_LIBRARY = "libc++";
				CLANG_ENABLE_MODULES = YES;
				CLANG_ENABLE_OBJC_ARC = YES;
				CLANG_ENABLE_OBJC_WEAK = YES;
				CLANG_WARN_BLOCK_CAPTURE_AUTORELEASING = YES;
				CLANG_WARN_BOOL_CONVERSION = YES;
				CLANG_WARN_COMMA = YES;
				CLANG_WARN_CONSTANT_CONVERSION = YES;
				CLANG_WARN_DEPRECATED_OBJC_IMPLEMENTATIONS = YES;
				CLANG_WARN_DIRECT_OBJC_ISA_USAGE = YES_ERROR;
				CLANG_WARN_DOCUMENTATION_COMMENTS = YES;
				CLANG_WARN_EMPTY_BODY = YES;
				CLANG_WARN_ENUM_CONVERSION = YES;
				CLANG_WARN_INFINITE_RECURSION = YES;
				CLANG_WARN_INT_CONVERSION = YES;
				CLANG_WARN_NON_LITERAL_NULL_CONVERSION = YES;
				CLANG_WARN_OBJC_IMPLICIT_RETAIN_SELF = YES;
				CLANG_WARN_OBJC_LITERAL_CONVERSION = YES;
				CLANG_WARN_OBJC_ROOT_CLASS = YES_ERROR;
				CLANG_WARN_RANGE_LOOP_ANALYSIS = YES;
				CLANG_WARN_STRICT_PROTOTYPES = YES;
				CLANG_WARN_SUSPICIOUS_MOVE = YES;
				CLANG_WARN_UNGUARDED_AVAILABILITY = YES_AGGRESSIVE;
				CLANG_WARN_UNREACHABLE_CODE = YES;
				CLANG_WARN__DUPLICATE_METHOD_MATCH = YES;
				CODE_SIGN_IDENTITY = "iPhone Developer";
				COPY_PHASE_STRIP = NO;
				DEBUG_INFORMATION_FORMAT = dwarf;
				ENABLE_STRICT_OBJC_MSGSEND = YES;
				ENABLE_TESTABILITY = YES;
				GCC_C_LANGUAGE_STANDARD = gnu11;
				GCC_DYNAMIC_NO_PIC = NO;
				GCC_NO_COMMON_BLOCKS = YES;
				GCC_OPTIMIZATION_LEVEL = 0;
				GCC_PREPROCESSOR_DEFINITIONS = (
					"DEBUG=1",
					"$(inherited)",
				);
				GCC_WARN_64_TO_32_BIT_CONVERSION = YES;
				GCC_WARN_ABOUT_RETURN_TYPE = YES_ERROR;
				GCC_WARN_UNDECLARED_SELECTOR = YES;
				GCC_WARN_UNINITIALIZED_AUTOS = YES_AGGRESSIVE;
				GCC_WARN_UNUSED_FUNCTION = YES;
				GCC_WARN_UNUSED_VARIABLE = YES;
				IPHONEOS_DEPLOYMENT_TARGET = 12.1;
				MTL_ENABLE_DEBUG_INFO = YES;
				ONLY_ACTIVE_ARCH = YES;
				SDKROOT = iphoneos;
				SWIFT_ACTIVE_COMPILATION_CONDITIONS = DEBUG;
				SWIFT_OPTIMIZATION_LEVEL = "-Onone";
			};
			name = Debug;
		};
		B1E37FCA20C7B4BA00F21DA9 /* Release */ = {
			isa = XCBuildConfiguration;
			buildSettings = {
				ALWAYS_SEARCH_USER_PATHS = NO;
				CLANG_ANALYZER_NONNULL = YES;
				CLANG_ANALYZER_NUMBER_OBJECT_CONVERSION = YES_AGGRESSIVE;
				CLANG_CXX_LANGUAGE_STANDARD = "gnu++14";
				CLANG_CXX_LIBRARY = "libc++";
				CLANG_ENABLE_MODULES = YES;
				CLANG_ENABLE_OBJC_ARC = YES;
				CLANG_ENABLE_OBJC_WEAK = YES;
				CLANG_WARN_BLOCK_CAPTURE_AUTORELEASING = YES;
				CLANG_WARN_BOOL_CONVERSION = YES;
				CLANG_WARN_COMMA = YES;
				CLANG_WARN_CONSTANT_CONVERSION = YES;
				CLANG_WARN_DEPRECATED_OBJC_IMPLEMENTATIONS = YES;
				CLANG_WARN_DIRECT_OBJC_ISA_USAGE = YES_ERROR;
				CLANG_WARN_DOCUMENTATION_COMMENTS = YES;
				CLANG_WARN_EMPTY_BODY = YES;
				CLANG_WARN_ENUM_CONVERSION = YES;
				CLANG_WARN_INFINITE_RECURSION = YES;
				CLANG_WARN_INT_CONVERSION = YES;
				CLANG_WARN_NON_LITERAL_NULL_CONVERSION = YES;
				CLANG_WARN_OBJC_IMPLICIT_RETAIN_SELF = YES;
				CLANG_WARN_OBJC_LITERAL_CONVERSION = YES;
				CLANG_WARN_OBJC_ROOT_CLASS = YES_ERROR;
				CLANG_WARN_RANGE_LOOP_ANALYSIS = YES;
				CLANG_WARN_STRICT_PROTOTYPES = YES;
				CLANG_WARN_SUSPICIOUS_MOVE = YES;
				CLANG_WARN_UNGUARDED_AVAILABILITY = YES_AGGRESSIVE;
				CLANG_WARN_UNREACHABLE_CODE = YES;
				CLANG_WARN__DUPLICATE_METHOD_MATCH = YES;
				CODE_SIGN_IDENTITY = "iPhone Developer";
				COPY_PHASE_STRIP = NO;
				DEBUG_INFORMATION_FORMAT = "dwarf-with-dsym";
				ENABLE_NS_ASSERTIONS = NO;
				ENABLE_STRICT_OBJC_MSGSEND = YES;
				GCC_C_LANGUAGE_STANDARD = gnu11;
				GCC_NO_COMMON_BLOCKS = YES;
				GCC_WARN_64_TO_32_BIT_CONVERSION = YES;
				GCC_WARN_ABOUT_RETURN_TYPE = YES_ERROR;
				GCC_WARN_UNDECLARED_SELECTOR = YES;
				GCC_WARN_UNINITIALIZED_AUTOS = YES_AGGRESSIVE;
				GCC_WARN_UNUSED_FUNCTION = YES;
				GCC_WARN_UNUSED_VARIABLE = YES;
				IPHONEOS_DEPLOYMENT_TARGET = 12.1;
				MTL_ENABLE_DEBUG_INFO = NO;
				SDKROOT = iphoneos;
				SWIFT_COMPILATION_MODE = wholemodule;
				SWIFT_OPTIMIZATION_LEVEL = "-O";
				VALIDATE_PRODUCT = YES;
			};
			name = Release;
		};
		B1E37FCC20C7B4BA00F21DA9 /* Debug */ = {
			isa = XCBuildConfiguration;
			buildSettings = {
				ASSETCATALOG_COMPILER_APPICON_NAME = AppIcon;
				CODE_SIGN_STYLE = Automatic;
				DEVELOPMENT_TEAM = X9NP8WVPNY;
				INFOPLIST_FILE = "Tax Calc/Info.plist";
				IPHONEOS_DEPLOYMENT_TARGET = 11.4;
				LD_RUNPATH_SEARCH_PATHS = (
					"$(inherited)",
					"@executable_path/Frameworks",
				);
				PRODUCT_BUNDLE_IDENTIFIER = "XLoeraFlores.Tax-Calc";
				PRODUCT_NAME = "$(TARGET_NAME)";
				SWIFT_VERSION = 5.0;
				TARGETED_DEVICE_FAMILY = "1,2";
			};
			name = Debug;
		};
		B1E37FCD20C7B4BA00F21DA9 /* Release */ = {
			isa = XCBuildConfiguration;
			buildSettings = {
				ASSETCATALOG_COMPILER_APPICON_NAME = AppIcon;
				CODE_SIGN_STYLE = Automatic;
				DEVELOPMENT_TEAM = X9NP8WVPNY;
				INFOPLIST_FILE = "Tax Calc/Info.plist";
				IPHONEOS_DEPLOYMENT_TARGET = 11.4;
				LD_RUNPATH_SEARCH_PATHS = (
					"$(inherited)",
					"@executable_path/Frameworks",
				);
				PRODUCT_BUNDLE_IDENTIFIER = "XLoeraFlores.Tax-Calc";
				PRODUCT_NAME = "$(TARGET_NAME)";
				SWIFT_VERSION = 5.0;
				TARGETED_DEVICE_FAMILY = "1,2";
			};
			name = Release;
		};
/* End XCBuildConfiguration section */

/* Begin XCConfigurationList section */
		B1E37FB420C7B4B900F21DA9 /* Build configuration list for PBXProject "Tax Calc" */ = {
			isa = XCConfigurationList;
			buildConfigurations = (
				B1E37FC920C7B4BA00F21DA9 /* Debug */,
				B1E37FCA20C7B4BA00F21DA9 /* Release */,
			);
			defaultConfigurationIsVisible = 0;
			defaultConfigurationName = Release;
		};
		B1E37FCB20C7B4BA00F21DA9 /* Build configuration list for PBXNativeTarget "Tax Calc" */ = {
			isa = XCConfigurationList;
			buildConfigurations = (
				B1E37FCC20C7B4BA00F21DA9 /* Debug */,
				B1E37FCD20C7B4BA00F21DA9 /* Release */,
			);
			defaultConfigurationIsVisible = 0;
			defaultConfigurationName = Release;
		};
/* End XCConfigurationList section */
	};
	rootObject = B1E37FB120C7B4B900F21DA9 /* Project object */;
}
